PODS:
  - Cartography (0.5.0)
  - ReactiveUI (0.0.2)
  - Realm (0.92.2):
    - Realm/Headers (= 0.92.2)
  - Realm/Headers (0.92.2)
  - RealmSwift (0.92.2):
    - Realm (= 0.92.2)
  - SwiftyJSON (2.2.0)
  - TTTAttributedLabel (1.13.3)
  - ZLBalancedFlowLayout (0.0.2)

DEPENDENCIES:
  - Cartography
  - ReactiveUI
  - Realm (from `https://github.com/realm/realm-cocoa.git`)
  - RealmSwift
  - SwiftyJSON
  - TTTAttributedLabel
  - ZLBalancedFlowLayout

EXTERNAL SOURCES:
  Realm:
    :git: https://github.com/realm/realm-cocoa.git

CHECKOUT OPTIONS:
  Realm:
    :commit: f09f2bc5bf8a4e90bc66024a57b1e163cff8a476
    :git: https://github.com/realm/realm-cocoa.git

SPEC CHECKSUMS:
  Cartography: 774e5cc446f5a6bca5d4345c5aa6af9a1fe74dc6
  ReactiveUI: 597b21e143dfc5fe438afc1b7a73c5c7e256175b
  Realm: fa8e8f7f788dd63744485c15b453487bc7546c8e
  RealmSwift: 4d9054904335ce8c824c19a4793883c275017e57
  SwiftyJSON: 0b3e6c07af17ff745e77e8e9984097b55c956e5c
  TTTAttributedLabel: 6f3174aef8e738f44dff97c2eb7d8184f6ab6277
  ZLBalancedFlowLayout: 067157ef9efeec30ff145ee91d3ff806d73cc489

COCOAPODS: 0.37.1
